{
  "name": "selection-capture",
  "lockfileVersion": 3,
  "requires": true,
  "packages": {
    "": {
      "name": "selection-capture",
      "dependencies": {
        "modern-gif": "^2.1.0"
      }
    },
    "node_modules/modern-gif": {
      "version": "2.1.0",
      "resolved": "https://registry.npmjs.org/modern-gif/-/modern-gif-2.1.0.tgz",
      "integrity": "sha512-9ZGD5b4jNUge0fvFP1bd9Hsqz5CSZI1al3EhCJ+WFkZgmn5NO1yvVwXJA/LTqro85l2Gt0+S0dDFgVYhYtLLWg==",
      "license": "MIT",
      "dependencies": {
        "modern-palette": "^2.0.0"
      }
    },
    "node_modules/modern-palette": {
      "version": "2.0.0",
      "resolved": "https://registry.npmjs.org/modern-palette/-/modern-palette-2.0.0.tgz",
      "integrity": "sha512-wKZcom2QzK6sS6h5RLYHEkd3V3maQLzgkI+ekDCimlk7dfXa63aekZcy+7KS+8JEqIDeY/yV1CAvA7l+7u6QHA==",
      "license": "MIT"
    }
  }
}
